
Microsoft Visual Studio Solution File, Format Version 12.00
# Visual Studio Version 17
VisualStudioVersion = 17.0.31903.59
MinimumVisualStudioVersion = 10.0.40219.1
Project("{FAE04EC0-301F-11D3-BF4B-00C04F79EFBC}") = "LINQConsoleApp1", "LINQConsoleApp1.csproj", "{3BFCD728-5470-4B35-87C2-DE01CDA7A586}"
EndProject
Global
	GlobalSection(SolutionConfigurationPlatforms) = preSolution
		Debug|Any CPU = Debug|Any CPU
		Release|Any CPU = Release|Any CPU
	EndGlobalSection
	GlobalSection(ProjectConfigurationPlatforms) = postSolution
		{3BFCD728-5470-4B35-87C2-DE01CDA7A586}.Debug|Any CPU.ActiveCfg = Debug|Any CPU
		{3BFCD728-5470-4B35-87C2-DE01CDA7A586}.Debug|Any CPU.Build.0 = Debug|Any CPU
		{3BFCD728-5470-4B35-87C2-DE01CDA7A586}.Release|Any CPU.ActiveCfg = Release|Any CPU
		{3BFCD728-5470-4B35-87C2-DE01CDA7A586}.Release|Any CPU.Build.0 = Release|Any CPU
	EndGlobalSection
	GlobalSection(SolutionProperties) = preSolution
		HideSolutionNode = FALSE
	EndGlobalSection
	GlobalSection(ExtensibilityGlobals) = postSolution
		SolutionGuid = {D3918DBE-DCF9-4A4E-8536-B275F4F6A9E3}
	EndGlobalSection
EndGlobal
